
Microsoft Visual Studio Solution File, Format Version 12.00
# Visual Studio Version 17
VisualStudioVersion = 17.5.33516.290
MinimumVisualStudioVersion = 10.0.40219.1
Project("{FAE04EC0-301F-11D3-BF4B-00C04F79EFBC}") = "WinFormsПз3з6", "WinFormsПз3з6\WinFormsПз3з6.csproj", "{49424912-BEC3-4387-8DEF-623753C58A3B}"
EndProject
Global
	GlobalSection(SolutionConfigurationPlatforms) = preSolution
		Debug|Any CPU = Debug|Any CPU
		Release|Any CPU = Release|Any CPU
	EndGlobalSection
	GlobalSection(ProjectConfigurationPlatforms) = postSolution
		{49424912-BEC3-4387-8DEF-623753C58A3B}.Debug|Any CPU.ActiveCfg = Debug|Any CPU
		{49424912-BEC3-4387-8DEF-623753C58A3B}.Debug|Any CPU.Build.0 = Debug|Any CPU
		{49424912-BEC3-4387-8DEF-623753C58A3B}.Release|Any CPU.ActiveCfg = Release|Any CPU
		{49424912-BEC3-4387-8DEF-623753C58A3B}.Release|Any CPU.Build.0 = Release|Any CPU
	EndGlobalSection
	GlobalSection(SolutionProperties) = preSolution
		HideSolutionNode = FALSE
	EndGlobalSection
	GlobalSection(ExtensibilityGlobals) = postSolution
		SolutionGuid = {6E3F2C28-AE76-48C0-9567-FBBC0B09231A}
	EndGlobalSection
EndGlobal
